// !$*UTF8*$!
{
	archiveVersion = 1;
	classes = {
	};
	objectVersion = 46;
	objects = {

/* Begin PBXBuildFile section */
		80CED37C1C5681FA0004B4C8 /* AppDelegate.swift in Sources */ = {isa = PBXBuildFile; fileRef = 80CED37B1C5681FA0004B4C8 /* AppDelegate.swift */; };
		80CED37E1C5681FA0004B4C8 /* ViewController.swift in Sources */ = {isa = PBXBuildFile; fileRef = 80CED37D1C5681FA0004B4C8 /* ViewController.swift */; };
		80CED3811C5681FA0004B4C8 /* Main.storyboard in Resources */ = {isa = PBXBuildFile; fileRef = 80CED37F1C5681FA0004B4C8 /* Main.storyboard */; };
		80CED3831C5681FA0004B4C8 /* Assets.xcassets in Resources */ = {isa = PBXBuildFile; fileRef = 80CED3821C5681FA0004B4C8 /* Assets.xcassets */; };
		80CED3861C5681FA0004B4C8 /* LaunchScreen.storyboard in Resources */ = {isa = PBXBuildFile; fileRef = 80CED3841C5681FA0004B4C8 /* LaunchScreen.storyboard */; };
		80CED38F1C5683700004B4C8 /* Post.swift in Sources */ = {isa = PBXBuildFile; fileRef = 80CED38E1C5683700004B4C8 /* Post.swift */; };
		80CED3921C568F990004B4C8 /* PostCell.swift in Sources */ = {isa = PBXBuildFile; fileRef = 80CED3911C568F990004B4C8 /* PostCell.swift */; };
		80CED3951C56980A0004B4C8 /* AddPostVC.swift in Sources */ = {isa = PBXBuildFile; fileRef = 80CED3941C56980A0004B4C8 /* AddPostVC.swift */; };
		80CED3981C5744F30004B4C8 /* DataService.swift in Sources */ = {isa = PBXBuildFile; fileRef = 80CED3971C5744F30004B4C8 /* DataService.swift */; };
/* End PBXBuildFile section */

/* Begin PBXFileReference section */
		80CED3781C5681FA0004B4C8 /* my-hood-developes.app */ = {isa = PBXFileReference; explicitFileType = wrapper.application; includeInIndex = 0; path = "my-hood-developes.app"; sourceTree = BUILT_PRODUCTS_DIR; };
		80CED37B1C5681FA0004B4C8 /* AppDelegate.swift */ = {isa = PBXFileReference; lastKnownFileType = sourcecode.swift; path = AppDelegate.swift; sourceTree = "<group>"; };
		80CED37D1C5681FA0004B4C8 /* ViewController.swift */ = {isa = PBXFileReference; lastKnownFileType = sourcecode.swift; path = ViewController.swift; sourceTree = "<group>"; };
		80CED3801C5681FA0004B4C8 /* Base */ = {isa = PBXFileReference; lastKnownFileType = file.storyboard; name = Base; path = Base.lproj/Main.storyboard; sourceTree = "<group>"; };
		80CED3821C5681FA0004B4C8 /* Assets.xcassets */ = {isa = PBXFileReference; lastKnownFileType = folder.assetcatalog; path = Assets.xcassets; sourceTree = "<group>"; };
		80CED3851C5681FA0004B4C8 /* Base */ = {isa = PBXFileReference; lastKnownFileType = file.storyboard; name = Base; path = Base.lproj/LaunchScreen.storyboard; sourceTree = "<group>"; };
		80CED3871C5681FA0004B4C8 /* Info.plist */ = {isa = PBXFileReference; lastKnownFileType = text.plist.xml; path = Info.plist; sourceTree = "<group>"; };
		80CED38E1C5683700004B4C8 /* Post.swift */ = {isa = PBXFileReference; fileEncoding = 4; lastKnownFileType = sourcecode.swift; path = Post.swift; sourceTree = "<group>"; };
		80CED3911C568F990004B4C8 /* PostCell.swift */ = {isa = PBXFileReference; fileEncoding = 4; lastKnownFileType = sourcecode.swift; path = PostCell.swift; sourceTree = "<group>"; };
		80CED3941C56980A0004B4C8 /* AddPostVC.swift */ = {isa = PBXFileReference; fileEncoding = 4; lastKnownFileType = sourcecode.swift; path = AddPostVC.swift; sourceTree = "<group>"; };
		80CED3971C5744F30004B4C8 /* DataService.swift */ = {isa = PBXFileReference; fileEncoding = 4; lastKnownFileType = sourcecode.swift; path = DataService.swift; sourceTree = "<group>"; };
/* End PBXFileReference section */

/* Begin PBXFrameworksBuildPhase section */
		80CED3751C5681FA0004B4C8 /* Frameworks */ = {
			isa = PBXFrameworksBuildPhase;
			buildActionMask = 2147483647;
			files = (
			);
			runOnlyForDeploymentPostprocessing = 0;
		};
/* End PBXFrameworksBuildPhase section */

/* Begin PBXGroup section */
		80CED36F1C5681FA0004B4C8 = {
			isa = PBXGroup;
			children = (
				80CED37A1C5681FA0004B4C8 /* my-hood-developes */,
				80CED3791C5681FA0004B4C8 /* Products */,
			);
			sourceTree = "<group>";
		};
		80CED3791C5681FA0004B4C8 /* Products */ = {
			isa = PBXGroup;
			children = (
				80CED3781C5681FA0004B4C8 /* my-hood-developes.app */,
			);
			name = Products;
			sourceTree = "<group>";
		};
		80CED37A1C5681FA0004B4C8 /* my-hood-developes */ = {
			isa = PBXGroup;
			children = (
				80CED3961C5744D70004B4C8 /* Services */,
				80CED38D1C56835E0004B4C8 /* Model */,
				80CED3901C568F760004B4C8 /* View */,
				80CED3931C5697CC0004B4C8 /* Controller */,
				80CED37B1C5681FA0004B4C8 /* AppDelegate.swift */,
				80CED3821C5681FA0004B4C8 /* Assets.xcassets */,
				80CED3871C5681FA0004B4C8 /* Info.plist */,
			);
			path = "my-hood-developes";
			sourceTree = "<group>";
		};
		80CED38D1C56835E0004B4C8 /* Model */ = {
			isa = PBXGroup;
			children = (
				80CED38E1C5683700004B4C8 /* Post.swift */,
			);
			name = Model;
			sourceTree = "<group>";
		};
		80CED3901C568F760004B4C8 /* View */ = {
			isa = PBXGroup;
			children = (
				80CED37F1C5681FA0004B4C8 /* Main.storyboard */,
				80CED3841C5681FA0004B4C8 /* LaunchScreen.storyboard */,
				80CED3911C568F990004B4C8 /* PostCell.swift */,
			);
			name = View;
			sourceTree = "<group>";
		};
		80CED3931C5697CC0004B4C8 /* Controller */ = {
			isa = PBXGroup;
			children = (
				80CED37D1C5681FA0004B4C8 /* ViewController.swift */,
				80CED3941C56980A0004B4C8 /* AddPostVC.swift */,
			);
			name = Controller;
			sourceTree = "<group>";
		};
		80CED3961C5744D70004B4C8 /* Services */ = {
			isa = PBXGroup;
			children = (
				80CED3971C5744F30004B4C8 /* DataService.swift */,
			);
			name = Services;
			sourceTree = "<group>";
		};
/* End PBXGroup section */

/* Begin PBXNativeTarget section */
		80CED3771C5681FA0004B4C8 /* my-hood-developes */ = {
			isa = PBXNativeTarget;
			buildConfigurationList = 80CED38A1C5681FA0004B4C8 /* Build configuration list for PBXNativeTarget "my-hood-developes" */;
			buildPhases = (
				80CED3741C5681FA0004B4C8 /* Sources */,
				80CED3751C5681FA0004B4C8 /* Frameworks */,
				80CED3761C5681FA0004B4C8 /* Resources */,
			);
			buildRules = (
			);
			dependencies = (
			);
			name = "my-hood-developes";
			productName = "my-hood-developes";
			productReference = 80CED3781C5681FA0004B4C8 /* my-hood-developes.app */;
			productType = "com.apple.product-type.application";
		};
/* End PBXNativeTarget section */

/* Begin PBXProject section */
		80CED3701C5681FA0004B4C8 /* Project object */ = {
			isa = PBXProject;
			attributes = {
				LastSwiftUpdateCheck = 0720;
				LastUpgradeCheck = 0720;
				ORGANIZATIONNAME = "Abraham Sidabutar";
				TargetAttributes = {
					80CED3771C5681FA0004B4C8 = {
						CreatedOnToolsVersion = 7.2;
					};
				};
			};
			buildConfigurationList = 80CED3731C5681FA0004B4C8 /* Build configuration list for PBXProject "my-hood-developes" */;
			compatibilityVersion = "Xcode 3.2";
			developmentRegion = English;
			hasScannedForEncodings = 0;
			knownRegions = (
				en,
				Base,
			);
			mainGroup = 80CED36F1C5681FA0004B4C8;
			productRefGroup = 80CED3791C5681FA0004B4C8 /* Products */;
			projectDirPath = "";
			projectRoot = "";
			targets = (
				80CED3771C5681FA0004B4C8 /* my-hood-developes */,
			);
		};
/* End PBXProject section */

/* Begin PBXResourcesBuildPhase section */
		80CED3761C5681FA0004B4C8 /* Resources */ = {
			isa = PBXResourcesBuildPhase;
			buildActionMask = 2147483647;
			files = (
				80CED3861C5681FA0004B4C8 /* LaunchScreen.storyboard in Resources */,
				80CED3831C5681FA0004B4C8 /* Assets.xcassets in Resources */,
				80CED3811C5681FA0004B4C8 /* Main.storyboard in Resources */,
			);
			runOnlyForDeploymentPostprocessing = 0;
		};
/* End PBXResourcesBuildPhase section */

/* Begin PBXSourcesBuildPhase section */
		80CED3741C5681FA0004B4C8 /* Sources */ = {
			isa = PBXSourcesBuildPhase;
			buildActionMask = 2147483647;
			files = (
				80CED38F1C5683700004B4C8 /* Post.swift in Sources */,
				80CED3921C568F990004B4C8 /* PostCell.swift in Sources */,
				80CED3951C56980A0004B4C8 /* AddPostVC.swift in Sources */,
				80CED3981C5744F30004B4C8 /* DataService.swift in Sources */,
				80CED37E1C5681FA0004B4C8 /* ViewController.swift in Sources */,
				80CED37C1C5681FA0004B4C8 /* AppDelegate.swift in Sources */,
			);
			runOnlyForDeploymentPostprocessing = 0;
		};
/* End PBXSourcesBuildPhase section */

/* Begin PBXVariantGroup section */
		80CED37F1C5681FA0004B4C8 /* Main.storyboard */ = {
			isa = PBXVariantGroup;
			children = (
				80CED3801C5681FA0004B4C8 /* Base */,
			);
			name = Main.storyboard;
			sourceTree = "<group>";
		};
		80CED3841C5681FA0004B4C8 /* LaunchScreen.storyboard */ = {
			isa = PBXVariantGroup;
			children = (
				80CED3851C5681FA0004B4C8 /* Base */,
			);
			name = LaunchScreen.storyboard;
			sourceTree = "<group>";
		};
/* End PBXVariantGroup section */

/* Begin XCBuildConfiguration section */
		80CED3881C5681FA0004B4C8 /* Debug */ = {
			isa = XCBuildConfiguration;
			buildSettings = {
				ALWAYS_SEARCH_USER_PATHS = NO;
				CLANG_CXX_LANGUAGE_STANDARD = "gnu++0x";
				CLANG_CXX_LIBRARY = "libc++";
				CLANG_ENABLE_MODULES = YES;
				CLANG_ENABLE_OBJC_ARC = YES;
				CLANG_WARN_BOOL_CONVERSION = YES;
				CLANG_WARN_CONSTANT_CONVERSION = YES;
				CLANG_WARN_DIRECT_OBJC_ISA_USAGE = YES_ERROR;
				CLANG_WARN_EMPTY_BODY = YES;
				CLANG_WARN_ENUM_CONVERSION = YES;
				CLANG_WARN_INT_CONVERSION = YES;
				CLANG_WARN_OBJC_ROOT_CLASS = YES_ERROR;
				CLANG_WARN_UNREACHABLE_CODE = YES;
				CLANG_WARN__DUPLICATE_METHOD_MATCH = YES;
				"CODE_SIGN_IDENTITY[sdk=iphoneos*]" = "iPhone Developer";
				COPY_PHASE_STRIP = NO;
				DEBUG_INFORMATION_FORMAT = dwarf;
				ENABLE_STRICT_OBJC_MSGSEND = YES;
				ENABLE_TESTABILITY = YES;
				GCC_C_LANGUAGE_STANDARD = gnu99;
				GCC_DYNAMIC_NO_PIC = NO;
				GCC_NO_COMMON_BLOCKS = YES;
				GCC_OPTIMIZATION_LEVEL = 0;
				GCC_PREPROCESSOR_DEFINITIONS = (
					"DEBUG=1",
					"$(inherited)",
				);
				GCC_WARN_64_TO_32_BIT_CONVERSION = YES;
				GCC_WARN_ABOUT_RETURN_TYPE = YES_ERROR;
				GCC_WARN_UNDECLARED_SELECTOR = YES;
				GCC_WARN_UNINITIALIZED_AUTOS = YES_AGGRESSIVE;
				GCC_WARN_UNUSED_FUNCTION = YES;
				GCC_WARN_UNUSED_VARIABLE = YES;
				IPHONEOS_DEPLOYMENT_TARGET = 9.2;
				MTL_ENABLE_DEBUG_INFO = YES;
				ONLY_ACTIVE_ARCH = YES;
				SDKROOT = iphoneos;
				SWIFT_OPTIMIZATION_LEVEL = "-Onone";
				TARGETED_DEVICE_FAMILY = "1,2";
			};
			name = Debug;
		};
		80CED3891C5681FA0004B4C8 /* Release */ = {
			isa = XCBuildConfiguration;
			buildSettings = {
				ALWAYS_SEARCH_USER_PATHS = NO;
				CLANG_CXX_LANGUAGE_STANDARD = "gnu++0x";
				CLANG_CXX_LIBRARY = "libc++";
				CLANG_ENABLE_MODULES = YES;
				CLANG_ENABLE_OBJC_ARC = YES;
				CLANG_WARN_BOOL_CONVERSION = YES;
				CLANG_WARN_CONSTANT_CONVERSION = YES;
				CLANG_WARN_DIRECT_OBJC_ISA_USAGE = YES_ERROR;
				CLANG_WARN_EMPTY_BODY = YES;
				CLANG_WARN_ENUM_CONVERSION = YES;
				CLANG_WARN_INT_CONVERSION = YES;
				CLANG_WARN_OBJC_ROOT_CLASS = YES_ERROR;
				CLANG_WARN_UNREACHABLE_CODE = YES;
				CLANG_WARN__DUPLICATE_METHOD_MATCH = YES;
				"CODE_SIGN_IDENTITY[sdk=iphoneos*]" = "iPhone Developer";
				COPY_PHASE_STRIP = NO;
				DEBUG_INFORMATION_FORMAT = "dwarf-with-dsym";
				ENABLE_NS_ASSERTIONS = NO;
				ENABLE_STRICT_OBJC_MSGSEND = YES;
				GCC_C_LANGUAGE_STANDARD = gnu99;
				GCC_NO_COMMON_BLOCKS = YES;
				GCC_WARN_64_TO_32_BIT_CONVERSION = YES;
				GCC_WARN_ABOUT_RETURN_TYPE = YES_ERROR;
				GCC_WARN_UNDECLARED_SELECTOR = YES;
				GCC_WARN_UNINITIALIZED_AUTOS = YES_AGGRESSIVE;
				GCC_WARN_UNUSED_FUNCTION = YES;
				GCC_WARN_UNUSED_VARIABLE = YES;
				IPHONEOS_DEPLOYMENT_TARGET = 9.2;
				MTL_ENABLE_DEBUG_INFO = NO;
				SDKROOT = iphoneos;
				TARGETED_DEVICE_FAMILY = "1,2";
				VALIDATE_PRODUCT = YES;
			};
			name = Release;
		};
		80CED38B1C5681FA0004B4C8 /* Debug */ = {
			isa = XCBuildConfiguration;
			buildSettings = {
				ASSETCATALOG_COMPILER_APPICON_NAME = AppIcon;
				INFOPLIST_FILE = "my-hood-developes/Info.plist";
				LD_RUNPATH_SEARCH_PATHS = "$(inherited) @executable_path/Frameworks";
				PRODUCT_BUNDLE_IDENTIFIER = "self.edu.my-hood-developes";
				PRODUCT_NAME = "$(TARGET_NAME)";
			};
			name = Debug;
		};
		80CED38C1C5681FA0004B4C8 /* Release */ = {
			isa = XCBuildConfiguration;
			buildSettings = {
				ASSETCATALOG_COMPILER_APPICON_NAME = AppIcon;
				INFOPLIST_FILE = "my-hood-developes/Info.plist";
				LD_RUNPATH_SEARCH_PATHS = "$(inherited) @executable_path/Frameworks";
				PRODUCT_BUNDLE_IDENTIFIER = "self.edu.my-hood-developes";
				PRODUCT_NAME = "$(TARGET_NAME)";
			};
			name = Release;
		};
/* End XCBuildConfiguration section */

/* Begin XCConfigurationList section */
		80CED3731C5681FA0004B4C8 /* Build configuration list for PBXProject "my-hood-developes" */ = {
			isa = XCConfigurationList;
			buildConfigurations = (
				80CED3881C5681FA0004B4C8 /* Debug */,
				80CED3891C5681FA0004B4C8 /* Release */,
			);
			defaultConfigurationIsVisible = 0;
			defaultConfigurationName = Release;
		};
		80CED38A1C5681FA0004B4C8 /* Build configuration list for PBXNativeTarget "my-hood-developes" */ = {
			isa = XCConfigurationList;
			buildConfigurations = (
				80CED38B1C5681FA0004B4C8 /* Debug */,
				80CED38C1C5681FA0004B4C8 /* Release */,
			);
			defaultConfigurationIsVisible = 0;
			defaultConfigurationName = Release;
		};
/* End XCConfigurationList section */
	};
	rootObject = 80CED3701C5681FA0004B4C8 /* Project object */;
}
